
Microsoft Visual Studio Solution File, Format Version 12.00
# Visual Studio Version 16
VisualStudioVersion = 16.0.30225.117
MinimumVisualStudioVersion = 10.0.40219.1
Project("{8BC9CEB8-8B4A-11D0-8D11-00A0C91BC942}") = "everest", "everest.vcxproj", "{1429765D-9325-4A13-9447-82F537068A86}"
EndProject
Project("{8BC9CEB8-8B4A-11D0-8D11-00A0C91BC942}") = "log", "log\log.vcxproj", "{0E062910-1CC7-40F3-9825-96C0E1645E3F}"
	ProjectSection(ProjectDependencies) = postProject
		{1429765D-9325-4A13-9447-82F537068A86} = {1429765D-9325-4A13-9447-82F537068A86}
	EndProjectSection
EndProject
Project("{2150E333-8FDC-42A3-9474-1A3956D46DE8}") = "protobuf-3.18.0", "protobuf-3.18.0", "{FB8B3BA7-6DC8-4C32-8BA4-BDE388148FF2}"
EndProject
Project("{8BC9CEB8-8B4A-11D0-8D11-00A0C91BC942}") = "libprotobuf", "3rd\protobuf-3.18.0\build\libprotobuf.vcxproj", "{14B33B36-2E51-3681-8600-C535BA425D18}"
EndProject
Project("{8BC9CEB8-8B4A-11D0-8D11-00A0C91BC942}") = "libprotobuf-lite", "3rd\protobuf-3.18.0\build\libprotobuf-lite.vcxproj", "{4799D54B-AF6C-32FD-BE1C-FDD4070462E1}"
EndProject
Project("{8BC9CEB8-8B4A-11D0-8D11-00A0C91BC942}") = "libprotoc", "3rd\protobuf-3.18.0\build\libprotoc.vcxproj", "{07E86233-79A2-3E25-B892-278807C5D530}"
EndProject
Project("{8BC9CEB8-8B4A-11D0-8D11-00A0C91BC942}") = "protoc", "3rd\protobuf-3.18.0\build\protoc.vcxproj", "{C89314AB-E135-3DA5-8B2D-ED90AB96B3AA}"
	ProjectSection(ProjectDependencies) = postProject
		{07E86233-79A2-3E25-B892-278807C5D530} = {07E86233-79A2-3E25-B892-278807C5D530}
	EndProjectSection
EndProject
Global
	GlobalSection(SolutionConfigurationPlatforms) = preSolution
		Debug|x64 = Debug|x64
		Debug|x86 = Debug|x86
		MinSizeRel|x64 = MinSizeRel|x64
		MinSizeRel|x86 = MinSizeRel|x86
		Release|x64 = Release|x64
		Release|x86 = Release|x86
		RelWithDebInfo|x64 = RelWithDebInfo|x64
		RelWithDebInfo|x86 = RelWithDebInfo|x86
	EndGlobalSection
	GlobalSection(ProjectConfigurationPlatforms) = postSolution
		{1429765D-9325-4A13-9447-82F537068A86}.Debug|x64.ActiveCfg = Debug|x64
		{1429765D-9325-4A13-9447-82F537068A86}.Debug|x64.Build.0 = Debug|x64
		{1429765D-9325-4A13-9447-82F537068A86}.Debug|x86.ActiveCfg = Debug|Win32
		{1429765D-9325-4A13-9447-82F537068A86}.Debug|x86.Build.0 = Debug|Win32
		{1429765D-9325-4A13-9447-82F537068A86}.MinSizeRel|x64.ActiveCfg = Release|x64
		{1429765D-9325-4A13-9447-82F537068A86}.MinSizeRel|x64.Build.0 = Release|x64
		{1429765D-9325-4A13-9447-82F537068A86}.MinSizeRel|x86.ActiveCfg = Release|Win32
		{1429765D-9325-4A13-9447-82F537068A86}.MinSizeRel|x86.Build.0 = Release|Win32
		{1429765D-9325-4A13-9447-82F537068A86}.Release|x64.ActiveCfg = Release|x64
		{1429765D-9325-4A13-9447-82F537068A86}.Release|x64.Build.0 = Release|x64
		{1429765D-9325-4A13-9447-82F537068A86}.Release|x86.ActiveCfg = Release|Win32
		{1429765D-9325-4A13-9447-82F537068A86}.Release|x86.Build.0 = Release|Win32
		{1429765D-9325-4A13-9447-82F537068A86}.RelWithDebInfo|x64.ActiveCfg = Release|x64
		{1429765D-9325-4A13-9447-82F537068A86}.RelWithDebInfo|x64.Build.0 = Release|x64
		{1429765D-9325-4A13-9447-82F537068A86}.RelWithDebInfo|x86.ActiveCfg = Release|Win32
		{1429765D-9325-4A13-9447-82F537068A86}.RelWithDebInfo|x86.Build.0 = Release|Win32
		{0E062910-1CC7-40F3-9825-96C0E1645E3F}.Debug|x64.ActiveCfg = Debug|x64
		{0E062910-1CC7-40F3-9825-96C0E1645E3F}.Debug|x64.Build.0 = Debug|x64
		{0E062910-1CC7-40F3-9825-96C0E1645E3F}.Debug|x86.ActiveCfg = Debug|Win32
		{0E062910-1CC7-40F3-9825-96C0E1645E3F}.Debug|x86.Build.0 = Debug|Win32
		{0E062910-1CC7-40F3-9825-96C0E1645E3F}.MinSizeRel|x64.ActiveCfg = Release|x64
		{0E062910-1CC7-40F3-9825-96C0E1645E3F}.MinSizeRel|x64.Build.0 = Release|x64
		{0E062910-1CC7-40F3-9825-96C0E1645E3F}.MinSizeRel|x86.ActiveCfg = Release|Win32
		{0E062910-1CC7-40F3-9825-96C0E1645E3F}.MinSizeRel|x86.Build.0 = Release|Win32
		{0E062910-1CC7-40F3-9825-96C0E1645E3F}.Release|x64.ActiveCfg = Release|x64
		{0E062910-1CC7-40F3-9825-96C0E1645E3F}.Release|x64.Build.0 = Release|x64
		{0E062910-1CC7-40F3-9825-96C0E1645E3F}.Release|x86.ActiveCfg = Release|Win32
		{0E062910-1CC7-40F3-9825-96C0E1645E3F}.Release|x86.Build.0 = Release|Win32
		{0E062910-1CC7-40F3-9825-96C0E1645E3F}.RelWithDebInfo|x64.ActiveCfg = Release|x64
		{0E062910-1CC7-40F3-9825-96C0E1645E3F}.RelWithDebInfo|x64.Build.0 = Release|x64
		{0E062910-1CC7-40F3-9825-96C0E1645E3F}.RelWithDebInfo|x86.ActiveCfg = Release|Win32
		{0E062910-1CC7-40F3-9825-96C0E1645E3F}.RelWithDebInfo|x86.Build.0 = Release|Win32
		{14B33B36-2E51-3681-8600-C535BA425D18}.Debug|x64.ActiveCfg = Debug|x64
		{14B33B36-2E51-3681-8600-C535BA425D18}.Debug|x64.Build.0 = Debug|x64
		{14B33B36-2E51-3681-8600-C535BA425D18}.Debug|x86.ActiveCfg = Debug|x64
		{14B33B36-2E51-3681-8600-C535BA425D18}.MinSizeRel|x64.ActiveCfg = MinSizeRel|x64
		{14B33B36-2E51-3681-8600-C535BA425D18}.MinSizeRel|x64.Build.0 = MinSizeRel|x64
		{14B33B36-2E51-3681-8600-C535BA425D18}.MinSizeRel|x86.ActiveCfg = MinSizeRel|x64
		{14B33B36-2E51-3681-8600-C535BA425D18}.Release|x64.ActiveCfg = Release|x64
		{14B33B36-2E51-3681-8600-C535BA425D18}.Release|x64.Build.0 = Release|x64
		{14B33B36-2E51-3681-8600-C535BA425D18}.Release|x86.ActiveCfg = Release|x64
		{14B33B36-2E51-3681-8600-C535BA425D18}.RelWithDebInfo|x64.ActiveCfg = RelWithDebInfo|x64
		{14B33B36-2E51-3681-8600-C535BA425D18}.RelWithDebInfo|x64.Build.0 = RelWithDebInfo|x64
		{14B33B36-2E51-3681-8600-C535BA425D18}.RelWithDebInfo|x86.ActiveCfg = RelWithDebInfo|x64
		{4799D54B-AF6C-32FD-BE1C-FDD4070462E1}.Debug|x64.ActiveCfg = Debug|x64
		{4799D54B-AF6C-32FD-BE1C-FDD4070462E1}.Debug|x64.Build.0 = Debug|x64
		{4799D54B-AF6C-32FD-BE1C-FDD4070462E1}.Debug|x86.ActiveCfg = Debug|x64
		{4799D54B-AF6C-32FD-BE1C-FDD4070462E1}.MinSizeRel|x64.ActiveCfg = MinSizeRel|x64
		{4799D54B-AF6C-32FD-BE1C-FDD4070462E1}.MinSizeRel|x64.Build.0 = MinSizeRel|x64
		{4799D54B-AF6C-32FD-BE1C-FDD4070462E1}.MinSizeRel|x86.ActiveCfg = MinSizeRel|x64
		{4799D54B-AF6C-32FD-BE1C-FDD4070462E1}.Release|x64.ActiveCfg = Release|x64
		{4799D54B-AF6C-32FD-BE1C-FDD4070462E1}.Release|x64.Build.0 = Release|x64
		{4799D54B-AF6C-32FD-BE1C-FDD4070462E1}.Release|x86.ActiveCfg = Release|x64
		{4799D54B-AF6C-32FD-BE1C-FDD4070462E1}.RelWithDebInfo|x64.ActiveCfg = RelWithDebInfo|x64
		{4799D54B-AF6C-32FD-BE1C-FDD4070462E1}.RelWithDebInfo|x64.Build.0 = RelWithDebInfo|x64
		{4799D54B-AF6C-32FD-BE1C-FDD4070462E1}.RelWithDebInfo|x86.ActiveCfg = RelWithDebInfo|x64
		{07E86233-79A2-3E25-B892-278807C5D530}.Debug|x64.ActiveCfg = Debug|x64
		{07E86233-79A2-3E25-B892-278807C5D530}.Debug|x64.Build.0 = Debug|x64
		{07E86233-79A2-3E25-B892-278807C5D530}.Debug|x86.ActiveCfg = Debug|x64
		{07E86233-79A2-3E25-B892-278807C5D530}.MinSizeRel|x64.ActiveCfg = MinSizeRel|x64
		{07E86233-79A2-3E25-B892-278807C5D530}.MinSizeRel|x64.Build.0 = MinSizeRel|x64
		{07E86233-79A2-3E25-B892-278807C5D530}.MinSizeRel|x86.ActiveCfg = MinSizeRel|x64
		{07E86233-79A2-3E25-B892-278807C5D530}.Release|x64.ActiveCfg = Release|x64
		{07E86233-79A2-3E25-B892-278807C5D530}.Release|x64.Build.0 = Release|x64
		{07E86233-79A2-3E25-B892-278807C5D530}.Release|x86.ActiveCfg = Release|x64
		{07E86233-79A2-3E25-B892-278807C5D530}.RelWithDebInfo|x64.ActiveCfg = RelWithDebInfo|x64
		{07E86233-79A2-3E25-B892-278807C5D530}.RelWithDebInfo|x64.Build.0 = RelWithDebInfo|x64
		{07E86233-79A2-3E25-B892-278807C5D530}.RelWithDebInfo|x86.ActiveCfg = RelWithDebInfo|x64
		{C89314AB-E135-3DA5-8B2D-ED90AB96B3AA}.Debug|x64.ActiveCfg = Debug|x64
		{C89314AB-E135-3DA5-8B2D-ED90AB96B3AA}.Debug|x64.Build.0 = Debug|x64
		{C89314AB-E135-3DA5-8B2D-ED90AB96B3AA}.Debug|x86.ActiveCfg = Debug|x64
		{C89314AB-E135-3DA5-8B2D-ED90AB96B3AA}.MinSizeRel|x64.ActiveCfg = MinSizeRel|x64
		{C89314AB-E135-3DA5-8B2D-ED90AB96B3AA}.MinSizeRel|x64.Build.0 = MinSizeRel|x64
		{C89314AB-E135-3DA5-8B2D-ED90AB96B3AA}.MinSizeRel|x86.ActiveCfg = MinSizeRel|x64
		{C89314AB-E135-3DA5-8B2D-ED90AB96B3AA}.Release|x64.ActiveCfg = Release|x64
		{C89314AB-E135-3DA5-8B2D-ED90AB96B3AA}.Release|x64.Build.0 = Release|x64
		{C89314AB-E135-3DA5-8B2D-ED90AB96B3AA}.Release|x86.ActiveCfg = Release|x64
		{C89314AB-E135-3DA5-8B2D-ED90AB96B3AA}.RelWithDebInfo|x64.ActiveCfg = RelWithDebInfo|x64
		{C89314AB-E135-3DA5-8B2D-ED90AB96B3AA}.RelWithDebInfo|x64.Build.0 = RelWithDebInfo|x64
		{C89314AB-E135-3DA5-8B2D-ED90AB96B3AA}.RelWithDebInfo|x86.ActiveCfg = RelWithDebInfo|x64
	EndGlobalSection
	GlobalSection(SolutionProperties) = preSolution
		HideSolutionNode = FALSE
	EndGlobalSection
	GlobalSection(NestedProjects) = preSolution
		{14B33B36-2E51-3681-8600-C535BA425D18} = {FB8B3BA7-6DC8-4C32-8BA4-BDE388148FF2}
		{4799D54B-AF6C-32FD-BE1C-FDD4070462E1} = {FB8B3BA7-6DC8-4C32-8BA4-BDE388148FF2}
		{07E86233-79A2-3E25-B892-278807C5D530} = {FB8B3BA7-6DC8-4C32-8BA4-BDE388148FF2}
		{C89314AB-E135-3DA5-8B2D-ED90AB96B3AA} = {FB8B3BA7-6DC8-4C32-8BA4-BDE388148FF2}
	EndGlobalSection
	GlobalSection(ExtensibilityGlobals) = postSolution
		SolutionGuid = {374CC7E2-5534-4A28-BF68-9AC987941842}
	EndGlobalSection
EndGlobal
