<?xml version="1.0" encoding="utf-8"?>
<Project ToolsVersion="4.0" xmlns="http://schemas.microsoft.com/developer/msbuild/2003">
  <ItemGroup>
    <Filter Include="singleton">
      <UniqueIdentifier>{64aaa33e-b7d8-4d0b-9dcd-e4753746138f}</UniqueIdentifier>
    </Filter>
    <Filter Include="non_copyable">
      <UniqueIdentifier>{84f2f419-b8e3-4610-be9c-bbe6ce5cf4a0}</UniqueIdentifier>
    </Filter>
    <Filter Include="multi_producer_multi_consumer">
      <UniqueIdentifier>{71dd2edc-e620-4d3d-8b76-800d14415847}</UniqueIdentifier>
    </Filter>
    <Filter Include="cmd_line">
      <UniqueIdentifier>{fb179446-9f56-44ab-826e-ace423bb8305}</UniqueIdentifier>
    </Filter>
    <Filter Include="calculator">
      <UniqueIdentifier>{3b5f89b6-4df3-47ae-9ad5-2c9583fe7a09}</UniqueIdentifier>
    </Filter>
    <Filter Include="3rd">
      <UniqueIdentifier>{1ef1650f-30a7-492f-ad51-f74b97ab2c89}</UniqueIdentifier>
    </Filter>
    <Filter Include="3rd\byte-order">
      <UniqueIdentifier>{977d9b1d-17ff-4561-b57e-16667aa55aae}</UniqueIdentifier>
    </Filter>
    <Filter Include="3rd\lock-free-queue">
      <UniqueIdentifier>{994005b0-a96f-4703-8a54-d6ea40df469b}</UniqueIdentifier>
    </Filter>
    <Filter Include="timer">
      <UniqueIdentifier>{35dd916c-7711-4f81-9b57-1321b49b5e8a}</UniqueIdentifier>
    </Filter>
    <Filter Include="common">
      <UniqueIdentifier>{88750e19-d6d9-430c-bb58-9451a8298134}</UniqueIdentifier>
    </Filter>
    <Filter Include="3rd\random">
      <UniqueIdentifier>{c623766f-6143-4eb8-bba7-b829429f02ef}</UniqueIdentifier>
    </Filter>
    <Filter Include="thread">
      <UniqueIdentifier>{4befe43f-12a2-43c5-a60d-01a75b960b25}</UniqueIdentifier>
    </Filter>
    <Filter Include="thread\include">
      <UniqueIdentifier>{eba5e458-b003-441f-bee1-9fdfbb43c9cc}</UniqueIdentifier>
    </Filter>
    <Filter Include="thread\src">
      <UniqueIdentifier>{34dd7c36-9e7b-4bdf-9976-52f0712b7eb5}</UniqueIdentifier>
    </Filter>
    <Filter Include="spdlog_wrapper">
      <UniqueIdentifier>{60d5de10-2104-43cc-9e31-8cc38b0fb5f8}</UniqueIdentifier>
    </Filter>
    <Filter Include="control_monitor">
      <UniqueIdentifier>{ea292fd0-1ef4-4ba3-947b-29a86e8c8ecd}</UniqueIdentifier>
    </Filter>
    <Filter Include="control_monitor\include">
      <UniqueIdentifier>{622192e4-e827-4313-8943-046d3584f4da}</UniqueIdentifier>
    </Filter>
    <Filter Include="control_monitor\src">
      <UniqueIdentifier>{bebcc3bc-5445-42f1-8ef4-03753aae9e0e}</UniqueIdentifier>
    </Filter>
    <Filter Include="spdlog_wrapper\include">
      <UniqueIdentifier>{9cb81e50-db19-43b3-a550-47d91da4a470}</UniqueIdentifier>
    </Filter>
    <Filter Include="spdlog_wrapper\src">
      <UniqueIdentifier>{90ee056f-75ef-4153-ae17-c8273a2e9d84}</UniqueIdentifier>
    </Filter>
    <Filter Include="timer\include">
      <UniqueIdentifier>{e3ccfad1-ebbd-4eb0-a83f-125701acc8bc}</UniqueIdentifier>
    </Filter>
    <Filter Include="timer\src">
      <UniqueIdentifier>{5d674dc9-6317-4118-ac92-545dd558d6a4}</UniqueIdentifier>
    </Filter>
    <Filter Include="cmd_line\include">
      <UniqueIdentifier>{4f86ed11-a8bf-45de-b362-a8c8e7d4ce86}</UniqueIdentifier>
    </Filter>
    <Filter Include="cmd_line\src">
      <UniqueIdentifier>{e544c334-c5c3-4ed7-90cb-15b0276c28de}</UniqueIdentifier>
    </Filter>
    <Filter Include="common\include">
      <UniqueIdentifier>{e919b011-e14f-4081-92d1-e066ce010492}</UniqueIdentifier>
    </Filter>
    <Filter Include="common\src">
      <UniqueIdentifier>{8b3a6649-f9cd-4fd7-ae50-edc830cad257}</UniqueIdentifier>
    </Filter>
    <Filter Include="time_capsule">
      <UniqueIdentifier>{b680e3ac-bfe4-4fed-83c6-cd45929ec8fa}</UniqueIdentifier>
    </Filter>
  </ItemGroup>
  <ItemGroup>
    <ClInclude Include="..\everest\singleton\singleton.h">
      <Filter>singleton</Filter>
    </ClInclude>
    <ClInclude Include="..\everest\non_copyable\non_copyable.h">
      <Filter>non_copyable</Filter>
    </ClInclude>
    <ClInclude Include="..\everest\multi_producer_multi_consumer\circular_queue.h">
      <Filter>multi_producer_multi_consumer</Filter>
    </ClInclude>
    <ClInclude Include="..\everest\multi_producer_multi_consumer\move_on_copy.h">
      <Filter>multi_producer_multi_consumer</Filter>
    </ClInclude>
    <ClInclude Include="..\everest\multi_producer_multi_consumer\multi_producer_multi_consumer.h">
      <Filter>multi_producer_multi_consumer</Filter>
    </ClInclude>
    <ClInclude Include="..\everest\calculator\safe_integral_calculator.h">
      <Filter>calculator</Filter>
    </ClInclude>
    <ClInclude Include="..\3rd\byte-order\byte_order.h">
      <Filter>3rd\byte-order</Filter>
    </ClInclude>
    <ClInclude Include="..\3rd\lock-free-queue\blockingconcurrentqueue.h">
      <Filter>3rd\lock-free-queue</Filter>
    </ClInclude>
    <ClInclude Include="..\3rd\lock-free-queue\concurrentqueue.h">
      <Filter>3rd\lock-free-queue</Filter>
    </ClInclude>
    <ClInclude Include="..\3rd\lock-free-queue\lightweightsemaphore.h">
      <Filter>3rd\lock-free-queue</Filter>
    </ClInclude>
    <ClInclude Include="..\3rd\random\include\effolkronium\random.hpp">
      <Filter>3rd\random</Filter>
    </ClInclude>
    <ClInclude Include="..\everest\thread\src\thread_pool.ipp">
      <Filter>thread\src</Filter>
    </ClInclude>
    <ClInclude Include="..\everest\control_monitor\control_monitor.h">
      <Filter>control_monitor\include</Filter>
    </ClInclude>
    <ClInclude Include="..\everest\control_monitor\thread_monitor.h">
      <Filter>control_monitor\include</Filter>
    </ClInclude>
    <ClInclude Include="..\everest\control_monitor\thread_monitor_data.h">
      <Filter>control_monitor\include</Filter>
    </ClInclude>
    <ClInclude Include="..\everest\thread\monitor_thread.h">
      <Filter>thread\include</Filter>
    </ClInclude>
    <ClInclude Include="..\everest\thread\thread_base.h">
      <Filter>thread\include</Filter>
    </ClInclude>
    <ClInclude Include="..\everest\thread\thread_pool.h">
      <Filter>thread\include</Filter>
    </ClInclude>
    <ClInclude Include="..\everest\spdlog_wrapper\everest_spdlog.h">
      <Filter>spdlog_wrapper\include</Filter>
    </ClInclude>
    <ClInclude Include="..\everest\spdlog_wrapper\logger_create_info.h">
      <Filter>spdlog_wrapper\include</Filter>
    </ClInclude>
    <ClInclude Include="..\everest\timer\clock.h">
      <Filter>timer\include</Filter>
    </ClInclude>
    <ClInclude Include="..\everest\timer\timer.h">
      <Filter>timer\include</Filter>
    </ClInclude>
    <ClInclude Include="..\everest\timer\src\timer.ipp">
      <Filter>timer\src</Filter>
    </ClInclude>
    <ClInclude Include="..\everest\cmd_line\cmdline.h">
      <Filter>cmd_line\include</Filter>
    </ClInclude>
    <ClInclude Include="..\everest\cmd_line\command_line_parser.h">
      <Filter>cmd_line\include</Filter>
    </ClInclude>
    <ClInclude Include="..\everest\common\define.h">
      <Filter>common\include</Filter>
    </ClInclude>
    <ClInclude Include="..\everest\common\include.h">
      <Filter>common\include</Filter>
    </ClInclude>
    <ClInclude Include="..\everest\thread\thread_define.h">
      <Filter>thread\include</Filter>
    </ClInclude>
    <ClInclude Include="..\everest\time_capsule\time_capsule.h">
      <Filter>time_capsule</Filter>
    </ClInclude>
  </ItemGroup>
  <ItemGroup>
    <ClCompile Include="..\everest\thread\src\thread_base.cpp">
      <Filter>thread\src</Filter>
    </ClCompile>
    <ClCompile Include="..\everest\control_monitor\src\control_monitor.cpp">
      <Filter>control_monitor\src</Filter>
    </ClCompile>
    <ClCompile Include="..\everest\control_monitor\src\thread_monitor.cpp">
      <Filter>control_monitor\src</Filter>
    </ClCompile>
    <ClCompile Include="..\everest\thread\src\monitor_thread.cpp">
      <Filter>thread\src</Filter>
    </ClCompile>
    <ClCompile Include="..\everest\spdlog_wrapper\src\everest_spdlog.cpp">
      <Filter>spdlog_wrapper\src</Filter>
    </ClCompile>
    <ClCompile Include="..\everest\spdlog_wrapper\src\logger_create_info.cpp">
      <Filter>spdlog_wrapper\src</Filter>
    </ClCompile>
    <ClCompile Include="..\everest\timer\src\clock.cpp">
      <Filter>timer\src</Filter>
    </ClCompile>
    <ClCompile Include="..\everest\cmd_line\src\command_line_parser.cpp">
      <Filter>cmd_line\src</Filter>
    </ClCompile>
    <ClCompile Include="..\everest\common\src\include.cpp">
      <Filter>common\src</Filter>
    </ClCompile>
    <ClCompile Include="..\everest\time_capsule\time_capsule.cpp">
      <Filter>time_capsule</Filter>
    </ClCompile>
  </ItemGroup>
</Project>