<?xml version="1.0" encoding="utf-8"?>
<Project ToolsVersion="4.0" xmlns="http://schemas.microsoft.com/developer/msbuild/2003">
  <ItemGroup>
    <Filter Include="singleton">
      <UniqueIdentifier>{64aaa33e-b7d8-4d0b-9dcd-e4753746138f}</UniqueIdentifier>
    </Filter>
    <Filter Include="non_copyable">
      <UniqueIdentifier>{84f2f419-b8e3-4610-be9c-bbe6ce5cf4a0}</UniqueIdentifier>
    </Filter>
    <Filter Include="multi_producer_multi_consumer">
      <UniqueIdentifier>{71dd2edc-e620-4d3d-8b76-800d14415847}</UniqueIdentifier>
    </Filter>
    <Filter Include="cmd_line">
      <UniqueIdentifier>{fb179446-9f56-44ab-826e-ace423bb8305}</UniqueIdentifier>
    </Filter>
    <Filter Include="calculator">
      <UniqueIdentifier>{3b5f89b6-4df3-47ae-9ad5-2c9583fe7a09}</UniqueIdentifier>
    </Filter>
    <Filter Include="3rd">
      <UniqueIdentifier>{1ef1650f-30a7-492f-ad51-f74b97ab2c89}</UniqueIdentifier>
    </Filter>
    <Filter Include="3rd\byte-order">
      <UniqueIdentifier>{977d9b1d-17ff-4561-b57e-16667aa55aae}</UniqueIdentifier>
    </Filter>
    <Filter Include="3rd\lock-free-queue">
      <UniqueIdentifier>{994005b0-a96f-4703-8a54-d6ea40df469b}</UniqueIdentifier>
    </Filter>
    <Filter Include="timer">
      <UniqueIdentifier>{35dd916c-7711-4f81-9b57-1321b49b5e8a}</UniqueIdentifier>
    </Filter>
    <Filter Include="common">
      <UniqueIdentifier>{88750e19-d6d9-430c-bb58-9451a8298134}</UniqueIdentifier>
    </Filter>
    <Filter Include="3rd\random">
      <UniqueIdentifier>{c623766f-6143-4eb8-bba7-b829429f02ef}</UniqueIdentifier>
    </Filter>
    <Filter Include="thread">
      <UniqueIdentifier>{4befe43f-12a2-43c5-a60d-01a75b960b25}</UniqueIdentifier>
    </Filter>
    <Filter Include="thread\include">
      <UniqueIdentifier>{eba5e458-b003-441f-bee1-9fdfbb43c9cc}</UniqueIdentifier>
    </Filter>
    <Filter Include="thread\src">
      <UniqueIdentifier>{34dd7c36-9e7b-4bdf-9976-52f0712b7eb5}</UniqueIdentifier>
    </Filter>
    <Filter Include="spdlog_wrapper">
      <UniqueIdentifier>{60d5de10-2104-43cc-9e31-8cc38b0fb5f8}</UniqueIdentifier>
    </Filter>
    <Filter Include="control_monitor">
      <UniqueIdentifier>{ea292fd0-1ef4-4ba3-947b-29a86e8c8ecd}</UniqueIdentifier>
    </Filter>
    <Filter Include="control_monitor\include">
      <UniqueIdentifier>{622192e4-e827-4313-8943-046d3584f4da}</UniqueIdentifier>
    </Filter>
    <Filter Include="control_monitor\src">
      <UniqueIdentifier>{bebcc3bc-5445-42f1-8ef4-03753aae9e0e}</UniqueIdentifier>
    </Filter>
    <Filter Include="spdlog_wrapper\include">
      <UniqueIdentifier>{9cb81e50-db19-43b3-a550-47d91da4a470}</UniqueIdentifier>
    </Filter>
    <Filter Include="spdlog_wrapper\src">
      <UniqueIdentifier>{90ee056f-75ef-4153-ae17-c8273a2e9d84}</UniqueIdentifier>
    </Filter>
    <Filter Include="timer\include">
      <UniqueIdentifier>{e3ccfad1-ebbd-4eb0-a83f-125701acc8bc}</UniqueIdentifier>
    </Filter>
    <Filter Include="timer\src">
      <UniqueIdentifier>{5d674dc9-6317-4118-ac92-545dd558d6a4}</UniqueIdentifier>
    </Filter>
    <Filter Include="cmd_line\include">
      <UniqueIdentifier>{4f86ed11-a8bf-45de-b362-a8c8e7d4ce86}</UniqueIdentifier>
    </Filter>
    <Filter Include="cmd_line\src">
      <UniqueIdentifier>{e544c334-c5c3-4ed7-90cb-15b0276c28de}</UniqueIdentifier>
    </Filter>
    <Filter Include="common\include">
      <UniqueIdentifier>{e919b011-e14f-4081-92d1-e066ce010492}</UniqueIdentifier>
    </Filter>
    <Filter Include="common\src">
      <UniqueIdentifier>{8b3a6649-f9cd-4fd7-ae50-edc830cad257}</UniqueIdentifier>
    </Filter>
    <Filter Include="time_capsule">
      <UniqueIdentifier>{b680e3ac-bfe4-4fed-83c6-cd45929ec8fa}</UniqueIdentifier>
    </Filter>
    <Filter Include="time_capsule\include">
      <UniqueIdentifier>{11f52188-088e-4414-be6b-4300ee971a5e}</UniqueIdentifier>
    </Filter>
    <Filter Include="time_capsule\src">
      <UniqueIdentifier>{b33e33ca-6a43-4ab2-b820-394e2eadeeba}</UniqueIdentifier>
    </Filter>
    <Filter Include="net">
      <UniqueIdentifier>{97702d9b-6bb1-4a30-bdf9-87241ce89f94}</UniqueIdentifier>
    </Filter>
    <Filter Include="net\include">
      <UniqueIdentifier>{08e760b7-8bfd-466b-913f-e528ba3d5d34}</UniqueIdentifier>
    </Filter>
    <Filter Include="net\src">
      <UniqueIdentifier>{7c5e810e-0abc-44cd-acbb-a551ade6631e}</UniqueIdentifier>
    </Filter>
    <Filter Include="service">
      <UniqueIdentifier>{661af04c-526c-44fe-a409-c56495f5fbd7}</UniqueIdentifier>
    </Filter>
    <Filter Include="service\include">
      <UniqueIdentifier>{eb04788d-9ba6-4f12-ad64-c349c8710df0}</UniqueIdentifier>
    </Filter>
    <Filter Include="service\src">
      <UniqueIdentifier>{59c89c29-01bf-4714-a1e5-55fb79f4b860}</UniqueIdentifier>
    </Filter>
    <Filter Include="configuration">
      <UniqueIdentifier>{4913d18c-c355-4332-9b94-c2986e0cf646}</UniqueIdentifier>
    </Filter>
    <Filter Include="configuration\include">
      <UniqueIdentifier>{0985486a-63ca-4758-9602-1f2db566a083}</UniqueIdentifier>
    </Filter>
    <Filter Include="configuration\src">
      <UniqueIdentifier>{080d9dfa-cfcc-4601-94ff-14c60af84e46}</UniqueIdentifier>
    </Filter>
    <Filter Include="launcher">
      <UniqueIdentifier>{02f5c6aa-b232-4566-8218-aa35cc35daaf}</UniqueIdentifier>
    </Filter>
    <Filter Include="launcher\include">
      <UniqueIdentifier>{e309d839-149d-48a4-882f-ff3874d4a47a}</UniqueIdentifier>
    </Filter>
    <Filter Include="launcher\src">
      <UniqueIdentifier>{9a811f8f-a4ba-4883-87a7-98144471dfef}</UniqueIdentifier>
    </Filter>
    <Filter Include="object_pool">
      <UniqueIdentifier>{08cd9ee3-7f44-4aed-a470-a76ef18548d5}</UniqueIdentifier>
    </Filter>
    <Filter Include="object_pool\include">
      <UniqueIdentifier>{33753625-b909-4d1e-93b8-e65fe58fe068}</UniqueIdentifier>
    </Filter>
    <Filter Include="object_pool\src">
      <UniqueIdentifier>{445f19d2-4ba4-4347-8dd2-2df010ae0e48}</UniqueIdentifier>
    </Filter>
    <Filter Include="buffer">
      <UniqueIdentifier>{229f208a-b977-4d44-bd72-d5d4e664e841}</UniqueIdentifier>
    </Filter>
    <Filter Include="buffer\include">
      <UniqueIdentifier>{9d9c951c-248a-428f-8f1b-41abf760702a}</UniqueIdentifier>
    </Filter>
    <Filter Include="buffer\src">
      <UniqueIdentifier>{cb7c7cf4-3769-476a-bbfd-0b04d029b3f0}</UniqueIdentifier>
    </Filter>
    <Filter Include="packet">
      <UniqueIdentifier>{42cb53b2-e910-4db4-8f37-6ed0be1366da}</UniqueIdentifier>
    </Filter>
    <Filter Include="packet\include">
      <UniqueIdentifier>{33bc143e-7440-4496-8e77-d4941cca566d}</UniqueIdentifier>
    </Filter>
    <Filter Include="packet\src">
      <UniqueIdentifier>{91feecfe-418e-4753-bdf4-1fa29cca6bf1}</UniqueIdentifier>
    </Filter>
  </ItemGroup>
  <ItemGroup>
    <ClInclude Include="..\everest\singleton\singleton.h">
      <Filter>singleton</Filter>
    </ClInclude>
    <ClInclude Include="..\everest\non_copyable\non_copyable.h">
      <Filter>non_copyable</Filter>
    </ClInclude>
    <ClInclude Include="..\everest\multi_producer_multi_consumer\circular_queue.h">
      <Filter>multi_producer_multi_consumer</Filter>
    </ClInclude>
    <ClInclude Include="..\everest\multi_producer_multi_consumer\move_on_copy.h">
      <Filter>multi_producer_multi_consumer</Filter>
    </ClInclude>
    <ClInclude Include="..\everest\multi_producer_multi_consumer\multi_producer_multi_consumer.h">
      <Filter>multi_producer_multi_consumer</Filter>
    </ClInclude>
    <ClInclude Include="..\everest\calculator\safe_integral_calculator.h">
      <Filter>calculator</Filter>
    </ClInclude>
    <ClInclude Include="..\3rd\byte-order\byte_order.h">
      <Filter>3rd\byte-order</Filter>
    </ClInclude>
    <ClInclude Include="..\3rd\lock-free-queue\blockingconcurrentqueue.h">
      <Filter>3rd\lock-free-queue</Filter>
    </ClInclude>
    <ClInclude Include="..\3rd\lock-free-queue\concurrentqueue.h">
      <Filter>3rd\lock-free-queue</Filter>
    </ClInclude>
    <ClInclude Include="..\3rd\lock-free-queue\lightweightsemaphore.h">
      <Filter>3rd\lock-free-queue</Filter>
    </ClInclude>
    <ClInclude Include="..\3rd\random\include\effolkronium\random.hpp">
      <Filter>3rd\random</Filter>
    </ClInclude>
    <ClInclude Include="..\everest\thread\src\thread_pool.ipp">
      <Filter>thread\src</Filter>
    </ClInclude>
    <ClInclude Include="..\everest\control_monitor\control_monitor.h">
      <Filter>control_monitor\include</Filter>
    </ClInclude>
    <ClInclude Include="..\everest\control_monitor\thread_monitor.h">
      <Filter>control_monitor\include</Filter>
    </ClInclude>
    <ClInclude Include="..\everest\control_monitor\thread_monitor_data.h">
      <Filter>control_monitor\include</Filter>
    </ClInclude>
    <ClInclude Include="..\everest\thread\monitor_thread.h">
      <Filter>thread\include</Filter>
    </ClInclude>
    <ClInclude Include="..\everest\thread\thread_base.h">
      <Filter>thread\include</Filter>
    </ClInclude>
    <ClInclude Include="..\everest\thread\thread_pool.h">
      <Filter>thread\include</Filter>
    </ClInclude>
    <ClInclude Include="..\everest\spdlog_wrapper\everest_spdlog.h">
      <Filter>spdlog_wrapper\include</Filter>
    </ClInclude>
    <ClInclude Include="..\everest\spdlog_wrapper\logger_create_info.h">
      <Filter>spdlog_wrapper\include</Filter>
    </ClInclude>
    <ClInclude Include="..\everest\timer\clock.h">
      <Filter>timer\include</Filter>
    </ClInclude>
    <ClInclude Include="..\everest\timer\timer.h">
      <Filter>timer\include</Filter>
    </ClInclude>
    <ClInclude Include="..\everest\timer\src\timer.ipp">
      <Filter>timer\src</Filter>
    </ClInclude>
    <ClInclude Include="..\everest\cmd_line\cmdline.h">
      <Filter>cmd_line\include</Filter>
    </ClInclude>
    <ClInclude Include="..\everest\cmd_line\command_line_parser.h">
      <Filter>cmd_line\include</Filter>
    </ClInclude>
    <ClInclude Include="..\everest\common\define.h">
      <Filter>common\include</Filter>
    </ClInclude>
    <ClInclude Include="..\everest\common\include.h">
      <Filter>common\include</Filter>
    </ClInclude>
    <ClInclude Include="..\everest\thread\thread_define.h">
      <Filter>thread\include</Filter>
    </ClInclude>
    <ClInclude Include="..\everest\time_capsule\time_capsule.h">
      <Filter>time_capsule\include</Filter>
    </ClInclude>
    <ClInclude Include="..\everest\net\session_base.h">
      <Filter>net\include</Filter>
    </ClInclude>
    <ClInclude Include="..\everest\net\net_define.h">
      <Filter>net\include</Filter>
    </ClInclude>
    <ClInclude Include="..\everest\net\listener.h">
      <Filter>net\include</Filter>
    </ClInclude>
    <ClInclude Include="..\everest\net\address.h">
      <Filter>net\include</Filter>
    </ClInclude>
    <ClInclude Include="..\everest\common\platform.h">
      <Filter>common\include</Filter>
    </ClInclude>
    <ClInclude Include="..\everest\service\service.h">
      <Filter>service\include</Filter>
    </ClInclude>
    <ClInclude Include="..\everest\configuration\thread_allocate_configuration.h">
      <Filter>configuration\include</Filter>
    </ClInclude>
    <ClInclude Include="..\everest\configuration\configuration_manager.h">
      <Filter>configuration\include</Filter>
    </ClInclude>
    <ClInclude Include="..\everest\thread\net_thread_allocate.h">
      <Filter>thread\include</Filter>
    </ClInclude>
    <ClInclude Include="..\everest\thread\session_thread.h">
      <Filter>thread\include</Filter>
    </ClInclude>
    <ClInclude Include="..\everest\thread\listener_connector_thread.h">
      <Filter>thread\include</Filter>
    </ClInclude>
    <ClInclude Include="..\everest\thread\session_thread_pool.h">
      <Filter>thread\include</Filter>
    </ClInclude>
    <ClInclude Include="..\everest\launcher\launcher_base.h">
      <Filter>launcher\include</Filter>
    </ClInclude>
    <ClInclude Include="..\everest\configuration\service_config.h">
      <Filter>configuration\include</Filter>
    </ClInclude>
    <ClInclude Include="..\everest\control_monitor\service_monitor.h">
      <Filter>control_monitor\include</Filter>
    </ClInclude>
    <ClInclude Include="..\everest\control_monitor\monitor_base.h">
      <Filter>control_monitor\include</Filter>
    </ClInclude>
    <ClInclude Include="..\everest\control_monitor\src\monitor_base.ipp">
      <Filter>control_monitor\src</Filter>
    </ClInclude>
    <ClInclude Include="..\everest\net\session_creator.h">
      <Filter>net\include</Filter>
    </ClInclude>
    <ClInclude Include="..\everest\object_pool\object_pool.h">
      <Filter>object_pool\include</Filter>
    </ClInclude>
    <ClInclude Include="..\everest\object_pool\src\object_pool.ipp">
      <Filter>object_pool\src</Filter>
    </ClInclude>
    <ClInclude Include="..\everest\common\helper.h">
      <Filter>common\include</Filter>
    </ClInclude>
    <ClInclude Include="..\everest\buffer\buffer.h">
      <Filter>buffer\include</Filter>
    </ClInclude>
    <ClInclude Include="..\everest\packet\packet.h">
      <Filter>packet\include</Filter>
    </ClInclude>
    <ClInclude Include="..\everest\packet\packet_maker.h">
      <Filter>packet\include</Filter>
    </ClInclude>
    <ClInclude Include="..\everest\packet\packet_handler.h">
      <Filter>packet\include</Filter>
    </ClInclude>
    <ClInclude Include="..\everest\net\session_id.h">
      <Filter>net\include</Filter>
    </ClInclude>
    <ClInclude Include="..\everest\packet\packet_head.h">
      <Filter>packet\include</Filter>
    </ClInclude>
    <ClInclude Include="..\everest\packet\packet_serialize.h">
      <Filter>packet\include</Filter>
    </ClInclude>
  </ItemGroup>
  <ItemGroup>
    <ClCompile Include="..\everest\thread\src\thread_base.cpp">
      <Filter>thread\src</Filter>
    </ClCompile>
    <ClCompile Include="..\everest\control_monitor\src\control_monitor.cpp">
      <Filter>control_monitor\src</Filter>
    </ClCompile>
    <ClCompile Include="..\everest\control_monitor\src\thread_monitor.cpp">
      <Filter>control_monitor\src</Filter>
    </ClCompile>
    <ClCompile Include="..\everest\thread\src\monitor_thread.cpp">
      <Filter>thread\src</Filter>
    </ClCompile>
    <ClCompile Include="..\everest\spdlog_wrapper\src\everest_spdlog.cpp">
      <Filter>spdlog_wrapper\src</Filter>
    </ClCompile>
    <ClCompile Include="..\everest\spdlog_wrapper\src\logger_create_info.cpp">
      <Filter>spdlog_wrapper\src</Filter>
    </ClCompile>
    <ClCompile Include="..\everest\timer\src\clock.cpp">
      <Filter>timer\src</Filter>
    </ClCompile>
    <ClCompile Include="..\everest\cmd_line\src\command_line_parser.cpp">
      <Filter>cmd_line\src</Filter>
    </ClCompile>
    <ClCompile Include="..\everest\common\src\include.cpp">
      <Filter>common\src</Filter>
    </ClCompile>
    <ClCompile Include="..\everest\time_capsule\src\time_capsule.cpp">
      <Filter>time_capsule\src</Filter>
    </ClCompile>
    <ClCompile Include="..\everest\control_monitor\src\thread_monitor_data.cpp">
      <Filter>control_monitor\src</Filter>
    </ClCompile>
    <ClCompile Include="..\everest\net\src\session_base.cpp">
      <Filter>net\src</Filter>
    </ClCompile>
    <ClCompile Include="..\everest\net\src\address.cpp">
      <Filter>net\src</Filter>
    </ClCompile>
    <ClCompile Include="..\everest\service\src\service.cpp">
      <Filter>service\src</Filter>
    </ClCompile>
    <ClCompile Include="..\everest\configuration\src\configuration_manager.cpp">
      <Filter>configuration\src</Filter>
    </ClCompile>
    <ClCompile Include="..\everest\thread\src\session_thread.cpp">
      <Filter>thread\src</Filter>
    </ClCompile>
    <ClCompile Include="..\everest\thread\src\listener_connector_thread.cpp">
      <Filter>thread\src</Filter>
    </ClCompile>
    <ClCompile Include="..\everest\thread\src\session_thread_pool.cpp">
      <Filter>thread\src</Filter>
    </ClCompile>
    <ClCompile Include="..\everest\thread\src\net_thread_allocate.cpp">
      <Filter>thread\src</Filter>
    </ClCompile>
    <ClCompile Include="..\everest\launcher\src\launcher_base.cpp">
      <Filter>launcher\src</Filter>
    </ClCompile>
    <ClCompile Include="..\everest\control_monitor\src\service_monitor.cpp">
      <Filter>control_monitor\src</Filter>
    </ClCompile>
    <ClCompile Include="..\everest\net\src\listener.cpp">
      <Filter>net\src</Filter>
    </ClCompile>
    <ClCompile Include="..\everest\buffer\buffer.cpp">
      <Filter>buffer\src</Filter>
    </ClCompile>
    <ClCompile Include="..\everest\common\src\helper.cpp">
      <Filter>common\src</Filter>
    </ClCompile>
    <ClCompile Include="..\everest\net\src\session_id.cpp">
      <Filter>net\src</Filter>
    </ClCompile>
    <ClCompile Include="..\everest\packet\src\packet_serialize.cpp">
      <Filter>packet\src</Filter>
    </ClCompile>
  </ItemGroup>
</Project>