
Microsoft Visual Studio Solution File, Format Version 12.00
# Visual Studio Version 16
VisualStudioVersion = 16.0.31205.134
MinimumVisualStudioVersion = 10.0.40219.1
Project("{8BC9CEB8-8B4A-11D0-8D11-00A0C91BC942}") = "everest", "erverest.vcxproj", "{2DADF85A-66BA-40D7-B06A-65736E0EC2F2}"
EndProject
Project("{2150E333-8FDC-42A3-9474-1A3956D46DE8}") = "protobuf-3.18.0", "protobuf-3.18.0", "{72EA8CD7-6542-4BFA-BDC8-D1C9FF04D7ED}"
EndProject
Project("{8BC9CEB8-8B4A-11D0-8D11-00A0C91BC942}") = "libprotobuf", "..\3rd\protobuf-3.18.0\build\libprotobuf.vcxproj", "{14B33B36-2E51-3681-8600-C535BA425D18}"
EndProject
Project("{8BC9CEB8-8B4A-11D0-8D11-00A0C91BC942}") = "libprotobuf-lite", "..\3rd\protobuf-3.18.0\build\libprotobuf-lite.vcxproj", "{4799D54B-AF6C-32FD-BE1C-FDD4070462E1}"
EndProject
Project("{8BC9CEB8-8B4A-11D0-8D11-00A0C91BC942}") = "libprotoc", "..\3rd\protobuf-3.18.0\build\libprotoc.vcxproj", "{07E86233-79A2-3E25-B892-278807C5D530}"
EndProject
Project("{8BC9CEB8-8B4A-11D0-8D11-00A0C91BC942}") = "protoc", "..\3rd\protobuf-3.18.0\build\protoc.vcxproj", "{C89314AB-E135-3DA5-8B2D-ED90AB96B3AA}"
EndProject
Project("{8BC9CEB8-8B4A-11D0-8D11-00A0C91BC942}") = "yaml", "yaml\yaml.vcxproj", "{786F3733-0111-48C2-A92F-EE9382F791A1}"
EndProject
Project("{8BC9CEB8-8B4A-11D0-8D11-00A0C91BC942}") = "spd", "spd\spd.vcxproj", "{899D4EB7-F7FA-47E6-A4F3-CF36AAE24F18}"
EndProject
Project("{8BC9CEB8-8B4A-11D0-8D11-00A0C91BC942}") = "redis-plus-plus", "redis-plus-plus\redis-plus-plus.vcxproj", "{35C67C6C-4D9B-46C7-8FB6-D9DEF0CDE81D}"
EndProject
Project("{8BC9CEB8-8B4A-11D0-8D11-00A0C91BC942}") = "log", "..\log\log.vcxproj", "{0E062910-1CC7-40F3-9825-96C0E1645E3F}"
EndProject
Project("{8BC9CEB8-8B4A-11D0-8D11-00A0C91BC942}") = "date", "date\date.vcxproj", "{A7D4FABF-DB98-4E56-BD20-651A6013D6AC}"
EndProject
Project("{8BC9CEB8-8B4A-11D0-8D11-00A0C91BC942}") = "fmt", "fmt\fmt.vcxproj", "{E16729B0-A7E3-415A-88D5-79B5A6819FD1}"
EndProject
Global
	GlobalSection(SolutionConfigurationPlatforms) = preSolution
		Debug|x64 = Debug|x64
		Debug|x86 = Debug|x86
		MinSizeRel|x64 = MinSizeRel|x64
		MinSizeRel|x86 = MinSizeRel|x86
		Release|x64 = Release|x64
		Release|x86 = Release|x86
		RelWithDebInfo|x64 = RelWithDebInfo|x64
		RelWithDebInfo|x86 = RelWithDebInfo|x86
	EndGlobalSection
	GlobalSection(ProjectConfigurationPlatforms) = postSolution
		{2DADF85A-66BA-40D7-B06A-65736E0EC2F2}.Debug|x64.ActiveCfg = Debug|x64
		{2DADF85A-66BA-40D7-B06A-65736E0EC2F2}.Debug|x64.Build.0 = Debug|x64
		{2DADF85A-66BA-40D7-B06A-65736E0EC2F2}.Debug|x86.ActiveCfg = Debug|Win32
		{2DADF85A-66BA-40D7-B06A-65736E0EC2F2}.Debug|x86.Build.0 = Debug|Win32
		{2DADF85A-66BA-40D7-B06A-65736E0EC2F2}.MinSizeRel|x64.ActiveCfg = Release|x64
		{2DADF85A-66BA-40D7-B06A-65736E0EC2F2}.MinSizeRel|x64.Build.0 = Release|x64
		{2DADF85A-66BA-40D7-B06A-65736E0EC2F2}.MinSizeRel|x86.ActiveCfg = Release|Win32
		{2DADF85A-66BA-40D7-B06A-65736E0EC2F2}.MinSizeRel|x86.Build.0 = Release|Win32
		{2DADF85A-66BA-40D7-B06A-65736E0EC2F2}.Release|x64.ActiveCfg = Release|x64
		{2DADF85A-66BA-40D7-B06A-65736E0EC2F2}.Release|x64.Build.0 = Release|x64
		{2DADF85A-66BA-40D7-B06A-65736E0EC2F2}.Release|x86.ActiveCfg = Release|Win32
		{2DADF85A-66BA-40D7-B06A-65736E0EC2F2}.Release|x86.Build.0 = Release|Win32
		{2DADF85A-66BA-40D7-B06A-65736E0EC2F2}.RelWithDebInfo|x64.ActiveCfg = Release|x64
		{2DADF85A-66BA-40D7-B06A-65736E0EC2F2}.RelWithDebInfo|x64.Build.0 = Release|x64
		{2DADF85A-66BA-40D7-B06A-65736E0EC2F2}.RelWithDebInfo|x86.ActiveCfg = Release|Win32
		{2DADF85A-66BA-40D7-B06A-65736E0EC2F2}.RelWithDebInfo|x86.Build.0 = Release|Win32
		{14B33B36-2E51-3681-8600-C535BA425D18}.Debug|x64.ActiveCfg = Debug|x64
		{14B33B36-2E51-3681-8600-C535BA425D18}.Debug|x64.Build.0 = Debug|x64
		{14B33B36-2E51-3681-8600-C535BA425D18}.Debug|x86.ActiveCfg = Debug|x64
		{14B33B36-2E51-3681-8600-C535BA425D18}.MinSizeRel|x64.ActiveCfg = MinSizeRel|x64
		{14B33B36-2E51-3681-8600-C535BA425D18}.MinSizeRel|x64.Build.0 = MinSizeRel|x64
		{14B33B36-2E51-3681-8600-C535BA425D18}.MinSizeRel|x86.ActiveCfg = MinSizeRel|x64
		{14B33B36-2E51-3681-8600-C535BA425D18}.Release|x64.ActiveCfg = Release|x64
		{14B33B36-2E51-3681-8600-C535BA425D18}.Release|x64.Build.0 = Release|x64
		{14B33B36-2E51-3681-8600-C535BA425D18}.Release|x86.ActiveCfg = Release|x64
		{14B33B36-2E51-3681-8600-C535BA425D18}.RelWithDebInfo|x64.ActiveCfg = RelWithDebInfo|x64
		{14B33B36-2E51-3681-8600-C535BA425D18}.RelWithDebInfo|x64.Build.0 = RelWithDebInfo|x64
		{14B33B36-2E51-3681-8600-C535BA425D18}.RelWithDebInfo|x86.ActiveCfg = RelWithDebInfo|x64
		{4799D54B-AF6C-32FD-BE1C-FDD4070462E1}.Debug|x64.ActiveCfg = Debug|x64
		{4799D54B-AF6C-32FD-BE1C-FDD4070462E1}.Debug|x64.Build.0 = Debug|x64
		{4799D54B-AF6C-32FD-BE1C-FDD4070462E1}.Debug|x86.ActiveCfg = Debug|x64
		{4799D54B-AF6C-32FD-BE1C-FDD4070462E1}.MinSizeRel|x64.ActiveCfg = MinSizeRel|x64
		{4799D54B-AF6C-32FD-BE1C-FDD4070462E1}.MinSizeRel|x64.Build.0 = MinSizeRel|x64
		{4799D54B-AF6C-32FD-BE1C-FDD4070462E1}.MinSizeRel|x86.ActiveCfg = MinSizeRel|x64
		{4799D54B-AF6C-32FD-BE1C-FDD4070462E1}.Release|x64.ActiveCfg = Release|x64
		{4799D54B-AF6C-32FD-BE1C-FDD4070462E1}.Release|x64.Build.0 = Release|x64
		{4799D54B-AF6C-32FD-BE1C-FDD4070462E1}.Release|x86.ActiveCfg = Release|x64
		{4799D54B-AF6C-32FD-BE1C-FDD4070462E1}.RelWithDebInfo|x64.ActiveCfg = RelWithDebInfo|x64
		{4799D54B-AF6C-32FD-BE1C-FDD4070462E1}.RelWithDebInfo|x64.Build.0 = RelWithDebInfo|x64
		{4799D54B-AF6C-32FD-BE1C-FDD4070462E1}.RelWithDebInfo|x86.ActiveCfg = RelWithDebInfo|x64
		{07E86233-79A2-3E25-B892-278807C5D530}.Debug|x64.ActiveCfg = Debug|x64
		{07E86233-79A2-3E25-B892-278807C5D530}.Debug|x64.Build.0 = Debug|x64
		{07E86233-79A2-3E25-B892-278807C5D530}.Debug|x86.ActiveCfg = Debug|x64
		{07E86233-79A2-3E25-B892-278807C5D530}.MinSizeRel|x64.ActiveCfg = MinSizeRel|x64
		{07E86233-79A2-3E25-B892-278807C5D530}.MinSizeRel|x64.Build.0 = MinSizeRel|x64
		{07E86233-79A2-3E25-B892-278807C5D530}.MinSizeRel|x86.ActiveCfg = MinSizeRel|x64
		{07E86233-79A2-3E25-B892-278807C5D530}.Release|x64.ActiveCfg = Release|x64
		{07E86233-79A2-3E25-B892-278807C5D530}.Release|x64.Build.0 = Release|x64
		{07E86233-79A2-3E25-B892-278807C5D530}.Release|x86.ActiveCfg = Release|x64
		{07E86233-79A2-3E25-B892-278807C5D530}.RelWithDebInfo|x64.ActiveCfg = RelWithDebInfo|x64
		{07E86233-79A2-3E25-B892-278807C5D530}.RelWithDebInfo|x64.Build.0 = RelWithDebInfo|x64
		{07E86233-79A2-3E25-B892-278807C5D530}.RelWithDebInfo|x86.ActiveCfg = RelWithDebInfo|x64
		{C89314AB-E135-3DA5-8B2D-ED90AB96B3AA}.Debug|x64.ActiveCfg = Debug|x64
		{C89314AB-E135-3DA5-8B2D-ED90AB96B3AA}.Debug|x64.Build.0 = Debug|x64
		{C89314AB-E135-3DA5-8B2D-ED90AB96B3AA}.Debug|x86.ActiveCfg = Debug|x64
		{C89314AB-E135-3DA5-8B2D-ED90AB96B3AA}.MinSizeRel|x64.ActiveCfg = MinSizeRel|x64
		{C89314AB-E135-3DA5-8B2D-ED90AB96B3AA}.MinSizeRel|x64.Build.0 = MinSizeRel|x64
		{C89314AB-E135-3DA5-8B2D-ED90AB96B3AA}.MinSizeRel|x86.ActiveCfg = MinSizeRel|x64
		{C89314AB-E135-3DA5-8B2D-ED90AB96B3AA}.Release|x64.ActiveCfg = Release|x64
		{C89314AB-E135-3DA5-8B2D-ED90AB96B3AA}.Release|x64.Build.0 = Release|x64
		{C89314AB-E135-3DA5-8B2D-ED90AB96B3AA}.Release|x86.ActiveCfg = Release|x64
		{C89314AB-E135-3DA5-8B2D-ED90AB96B3AA}.RelWithDebInfo|x64.ActiveCfg = RelWithDebInfo|x64
		{C89314AB-E135-3DA5-8B2D-ED90AB96B3AA}.RelWithDebInfo|x64.Build.0 = RelWithDebInfo|x64
		{C89314AB-E135-3DA5-8B2D-ED90AB96B3AA}.RelWithDebInfo|x86.ActiveCfg = RelWithDebInfo|x64
		{786F3733-0111-48C2-A92F-EE9382F791A1}.Debug|x64.ActiveCfg = Debug|x64
		{786F3733-0111-48C2-A92F-EE9382F791A1}.Debug|x64.Build.0 = Debug|x64
		{786F3733-0111-48C2-A92F-EE9382F791A1}.Debug|x86.ActiveCfg = Debug|Win32
		{786F3733-0111-48C2-A92F-EE9382F791A1}.Debug|x86.Build.0 = Debug|Win32
		{786F3733-0111-48C2-A92F-EE9382F791A1}.MinSizeRel|x64.ActiveCfg = Debug|x64
		{786F3733-0111-48C2-A92F-EE9382F791A1}.MinSizeRel|x64.Build.0 = Debug|x64
		{786F3733-0111-48C2-A92F-EE9382F791A1}.MinSizeRel|x86.ActiveCfg = Debug|Win32
		{786F3733-0111-48C2-A92F-EE9382F791A1}.MinSizeRel|x86.Build.0 = Debug|Win32
		{786F3733-0111-48C2-A92F-EE9382F791A1}.Release|x64.ActiveCfg = Release|x64
		{786F3733-0111-48C2-A92F-EE9382F791A1}.Release|x64.Build.0 = Release|x64
		{786F3733-0111-48C2-A92F-EE9382F791A1}.Release|x86.ActiveCfg = Release|Win32
		{786F3733-0111-48C2-A92F-EE9382F791A1}.Release|x86.Build.0 = Release|Win32
		{786F3733-0111-48C2-A92F-EE9382F791A1}.RelWithDebInfo|x64.ActiveCfg = Release|x64
		{786F3733-0111-48C2-A92F-EE9382F791A1}.RelWithDebInfo|x64.Build.0 = Release|x64
		{786F3733-0111-48C2-A92F-EE9382F791A1}.RelWithDebInfo|x86.ActiveCfg = Release|Win32
		{786F3733-0111-48C2-A92F-EE9382F791A1}.RelWithDebInfo|x86.Build.0 = Release|Win32
		{899D4EB7-F7FA-47E6-A4F3-CF36AAE24F18}.Debug|x64.ActiveCfg = Debug|x64
		{899D4EB7-F7FA-47E6-A4F3-CF36AAE24F18}.Debug|x64.Build.0 = Debug|x64
		{899D4EB7-F7FA-47E6-A4F3-CF36AAE24F18}.Debug|x86.ActiveCfg = Debug|Win32
		{899D4EB7-F7FA-47E6-A4F3-CF36AAE24F18}.Debug|x86.Build.0 = Debug|Win32
		{899D4EB7-F7FA-47E6-A4F3-CF36AAE24F18}.MinSizeRel|x64.ActiveCfg = Debug|x64
		{899D4EB7-F7FA-47E6-A4F3-CF36AAE24F18}.MinSizeRel|x64.Build.0 = Debug|x64
		{899D4EB7-F7FA-47E6-A4F3-CF36AAE24F18}.MinSizeRel|x86.ActiveCfg = Debug|Win32
		{899D4EB7-F7FA-47E6-A4F3-CF36AAE24F18}.MinSizeRel|x86.Build.0 = Debug|Win32
		{899D4EB7-F7FA-47E6-A4F3-CF36AAE24F18}.Release|x64.ActiveCfg = Release|x64
		{899D4EB7-F7FA-47E6-A4F3-CF36AAE24F18}.Release|x64.Build.0 = Release|x64
		{899D4EB7-F7FA-47E6-A4F3-CF36AAE24F18}.Release|x86.ActiveCfg = Release|Win32
		{899D4EB7-F7FA-47E6-A4F3-CF36AAE24F18}.Release|x86.Build.0 = Release|Win32
		{899D4EB7-F7FA-47E6-A4F3-CF36AAE24F18}.RelWithDebInfo|x64.ActiveCfg = Release|x64
		{899D4EB7-F7FA-47E6-A4F3-CF36AAE24F18}.RelWithDebInfo|x64.Build.0 = Release|x64
		{899D4EB7-F7FA-47E6-A4F3-CF36AAE24F18}.RelWithDebInfo|x86.ActiveCfg = Release|Win32
		{899D4EB7-F7FA-47E6-A4F3-CF36AAE24F18}.RelWithDebInfo|x86.Build.0 = Release|Win32
		{35C67C6C-4D9B-46C7-8FB6-D9DEF0CDE81D}.Debug|x64.ActiveCfg = Debug|x64
		{35C67C6C-4D9B-46C7-8FB6-D9DEF0CDE81D}.Debug|x64.Build.0 = Debug|x64
		{35C67C6C-4D9B-46C7-8FB6-D9DEF0CDE81D}.Debug|x86.ActiveCfg = Debug|Win32
		{35C67C6C-4D9B-46C7-8FB6-D9DEF0CDE81D}.Debug|x86.Build.0 = Debug|Win32
		{35C67C6C-4D9B-46C7-8FB6-D9DEF0CDE81D}.MinSizeRel|x64.ActiveCfg = Debug|x64
		{35C67C6C-4D9B-46C7-8FB6-D9DEF0CDE81D}.MinSizeRel|x64.Build.0 = Debug|x64
		{35C67C6C-4D9B-46C7-8FB6-D9DEF0CDE81D}.MinSizeRel|x86.ActiveCfg = Debug|Win32
		{35C67C6C-4D9B-46C7-8FB6-D9DEF0CDE81D}.MinSizeRel|x86.Build.0 = Debug|Win32
		{35C67C6C-4D9B-46C7-8FB6-D9DEF0CDE81D}.Release|x64.ActiveCfg = Release|x64
		{35C67C6C-4D9B-46C7-8FB6-D9DEF0CDE81D}.Release|x64.Build.0 = Release|x64
		{35C67C6C-4D9B-46C7-8FB6-D9DEF0CDE81D}.Release|x86.ActiveCfg = Release|Win32
		{35C67C6C-4D9B-46C7-8FB6-D9DEF0CDE81D}.Release|x86.Build.0 = Release|Win32
		{35C67C6C-4D9B-46C7-8FB6-D9DEF0CDE81D}.RelWithDebInfo|x64.ActiveCfg = Release|x64
		{35C67C6C-4D9B-46C7-8FB6-D9DEF0CDE81D}.RelWithDebInfo|x64.Build.0 = Release|x64
		{35C67C6C-4D9B-46C7-8FB6-D9DEF0CDE81D}.RelWithDebInfo|x86.ActiveCfg = Release|Win32
		{35C67C6C-4D9B-46C7-8FB6-D9DEF0CDE81D}.RelWithDebInfo|x86.Build.0 = Release|Win32
		{0E062910-1CC7-40F3-9825-96C0E1645E3F}.Debug|x64.ActiveCfg = Debug|x64
		{0E062910-1CC7-40F3-9825-96C0E1645E3F}.Debug|x64.Build.0 = Debug|x64
		{0E062910-1CC7-40F3-9825-96C0E1645E3F}.Debug|x86.ActiveCfg = Debug|Win32
		{0E062910-1CC7-40F3-9825-96C0E1645E3F}.Debug|x86.Build.0 = Debug|Win32
		{0E062910-1CC7-40F3-9825-96C0E1645E3F}.MinSizeRel|x64.ActiveCfg = Debug|x64
		{0E062910-1CC7-40F3-9825-96C0E1645E3F}.MinSizeRel|x64.Build.0 = Debug|x64
		{0E062910-1CC7-40F3-9825-96C0E1645E3F}.MinSizeRel|x86.ActiveCfg = Debug|Win32
		{0E062910-1CC7-40F3-9825-96C0E1645E3F}.MinSizeRel|x86.Build.0 = Debug|Win32
		{0E062910-1CC7-40F3-9825-96C0E1645E3F}.Release|x64.ActiveCfg = Release|x64
		{0E062910-1CC7-40F3-9825-96C0E1645E3F}.Release|x64.Build.0 = Release|x64
		{0E062910-1CC7-40F3-9825-96C0E1645E3F}.Release|x86.ActiveCfg = Release|Win32
		{0E062910-1CC7-40F3-9825-96C0E1645E3F}.Release|x86.Build.0 = Release|Win32
		{0E062910-1CC7-40F3-9825-96C0E1645E3F}.RelWithDebInfo|x64.ActiveCfg = Release|x64
		{0E062910-1CC7-40F3-9825-96C0E1645E3F}.RelWithDebInfo|x64.Build.0 = Release|x64
		{0E062910-1CC7-40F3-9825-96C0E1645E3F}.RelWithDebInfo|x86.ActiveCfg = Release|Win32
		{0E062910-1CC7-40F3-9825-96C0E1645E3F}.RelWithDebInfo|x86.Build.0 = Release|Win32
		{A7D4FABF-DB98-4E56-BD20-651A6013D6AC}.Debug|x64.ActiveCfg = Debug|x64
		{A7D4FABF-DB98-4E56-BD20-651A6013D6AC}.Debug|x64.Build.0 = Debug|x64
		{A7D4FABF-DB98-4E56-BD20-651A6013D6AC}.Debug|x86.ActiveCfg = Debug|Win32
		{A7D4FABF-DB98-4E56-BD20-651A6013D6AC}.Debug|x86.Build.0 = Debug|Win32
		{A7D4FABF-DB98-4E56-BD20-651A6013D6AC}.MinSizeRel|x64.ActiveCfg = Release|x64
		{A7D4FABF-DB98-4E56-BD20-651A6013D6AC}.MinSizeRel|x64.Build.0 = Release|x64
		{A7D4FABF-DB98-4E56-BD20-651A6013D6AC}.MinSizeRel|x86.ActiveCfg = Release|Win32
		{A7D4FABF-DB98-4E56-BD20-651A6013D6AC}.MinSizeRel|x86.Build.0 = Release|Win32
		{A7D4FABF-DB98-4E56-BD20-651A6013D6AC}.Release|x64.ActiveCfg = Release|x64
		{A7D4FABF-DB98-4E56-BD20-651A6013D6AC}.Release|x64.Build.0 = Release|x64
		{A7D4FABF-DB98-4E56-BD20-651A6013D6AC}.Release|x86.ActiveCfg = Release|Win32
		{A7D4FABF-DB98-4E56-BD20-651A6013D6AC}.Release|x86.Build.0 = Release|Win32
		{A7D4FABF-DB98-4E56-BD20-651A6013D6AC}.RelWithDebInfo|x64.ActiveCfg = Release|x64
		{A7D4FABF-DB98-4E56-BD20-651A6013D6AC}.RelWithDebInfo|x64.Build.0 = Release|x64
		{A7D4FABF-DB98-4E56-BD20-651A6013D6AC}.RelWithDebInfo|x86.ActiveCfg = Release|Win32
		{A7D4FABF-DB98-4E56-BD20-651A6013D6AC}.RelWithDebInfo|x86.Build.0 = Release|Win32
		{E16729B0-A7E3-415A-88D5-79B5A6819FD1}.Debug|x64.ActiveCfg = Debug|x64
		{E16729B0-A7E3-415A-88D5-79B5A6819FD1}.Debug|x64.Build.0 = Debug|x64
		{E16729B0-A7E3-415A-88D5-79B5A6819FD1}.Debug|x86.ActiveCfg = Debug|Win32
		{E16729B0-A7E3-415A-88D5-79B5A6819FD1}.Debug|x86.Build.0 = Debug|Win32
		{E16729B0-A7E3-415A-88D5-79B5A6819FD1}.MinSizeRel|x64.ActiveCfg = Release|x64
		{E16729B0-A7E3-415A-88D5-79B5A6819FD1}.MinSizeRel|x64.Build.0 = Release|x64
		{E16729B0-A7E3-415A-88D5-79B5A6819FD1}.MinSizeRel|x86.ActiveCfg = Release|Win32
		{E16729B0-A7E3-415A-88D5-79B5A6819FD1}.MinSizeRel|x86.Build.0 = Release|Win32
		{E16729B0-A7E3-415A-88D5-79B5A6819FD1}.Release|x64.ActiveCfg = Release|x64
		{E16729B0-A7E3-415A-88D5-79B5A6819FD1}.Release|x64.Build.0 = Release|x64
		{E16729B0-A7E3-415A-88D5-79B5A6819FD1}.Release|x86.ActiveCfg = Release|Win32
		{E16729B0-A7E3-415A-88D5-79B5A6819FD1}.Release|x86.Build.0 = Release|Win32
		{E16729B0-A7E3-415A-88D5-79B5A6819FD1}.RelWithDebInfo|x64.ActiveCfg = Release|x64
		{E16729B0-A7E3-415A-88D5-79B5A6819FD1}.RelWithDebInfo|x64.Build.0 = Release|x64
		{E16729B0-A7E3-415A-88D5-79B5A6819FD1}.RelWithDebInfo|x86.ActiveCfg = Release|Win32
		{E16729B0-A7E3-415A-88D5-79B5A6819FD1}.RelWithDebInfo|x86.Build.0 = Release|Win32
	EndGlobalSection
	GlobalSection(SolutionProperties) = preSolution
		HideSolutionNode = FALSE
	EndGlobalSection
	GlobalSection(NestedProjects) = preSolution
		{14B33B36-2E51-3681-8600-C535BA425D18} = {72EA8CD7-6542-4BFA-BDC8-D1C9FF04D7ED}
		{4799D54B-AF6C-32FD-BE1C-FDD4070462E1} = {72EA8CD7-6542-4BFA-BDC8-D1C9FF04D7ED}
		{07E86233-79A2-3E25-B892-278807C5D530} = {72EA8CD7-6542-4BFA-BDC8-D1C9FF04D7ED}
		{C89314AB-E135-3DA5-8B2D-ED90AB96B3AA} = {72EA8CD7-6542-4BFA-BDC8-D1C9FF04D7ED}
	EndGlobalSection
	GlobalSection(ExtensibilityGlobals) = postSolution
		SolutionGuid = {20826EA4-C18A-4739-8B11-A0C07509C2D6}
	EndGlobalSection
EndGlobal
