
Microsoft Visual Studio Solution File, Format Version 12.00
# Visual Studio Version 16
VisualStudioVersion = 16.0.30225.117
MinimumVisualStudioVersion = 10.0.40219.1
Project("{8BC9CEB8-8B4A-11D0-8D11-00A0C91BC942}") = "test0421", "test0421\test0421.vcxproj", "{E46CFAC0-5349-4A34-BF42-96717EB8D599}"
	ProjectSection(ProjectDependencies) = postProject
		{0E062910-1CC7-40F3-9825-96C0E1645E3F} = {0E062910-1CC7-40F3-9825-96C0E1645E3F}
	EndProjectSection
EndProject
Project("{8BC9CEB8-8B4A-11D0-8D11-00A0C91BC942}") = "log", "..\..\..\log\log.vcxproj", "{0E062910-1CC7-40F3-9825-96C0E1645E3F}"
EndProject
Global
	GlobalSection(SolutionConfigurationPlatforms) = preSolution
		Debug|x64 = Debug|x64
		Debug|x86 = Debug|x86
		Release|x64 = Release|x64
		Release|x86 = Release|x86
	EndGlobalSection
	GlobalSection(ProjectConfigurationPlatforms) = postSolution
		{E46CFAC0-5349-4A34-BF42-96717EB8D599}.Debug|x64.ActiveCfg = Debug|x64
		{E46CFAC0-5349-4A34-BF42-96717EB8D599}.Debug|x64.Build.0 = Debug|x64
		{E46CFAC0-5349-4A34-BF42-96717EB8D599}.Debug|x86.ActiveCfg = Debug|Win32
		{E46CFAC0-5349-4A34-BF42-96717EB8D599}.Debug|x86.Build.0 = Debug|Win32
		{E46CFAC0-5349-4A34-BF42-96717EB8D599}.Release|x64.ActiveCfg = Release|x64
		{E46CFAC0-5349-4A34-BF42-96717EB8D599}.Release|x64.Build.0 = Release|x64
		{E46CFAC0-5349-4A34-BF42-96717EB8D599}.Release|x86.ActiveCfg = Release|Win32
		{E46CFAC0-5349-4A34-BF42-96717EB8D599}.Release|x86.Build.0 = Release|Win32
		{0E062910-1CC7-40F3-9825-96C0E1645E3F}.Debug|x64.ActiveCfg = Debug|x64
		{0E062910-1CC7-40F3-9825-96C0E1645E3F}.Debug|x64.Build.0 = Debug|x64
		{0E062910-1CC7-40F3-9825-96C0E1645E3F}.Debug|x86.ActiveCfg = Debug|Win32
		{0E062910-1CC7-40F3-9825-96C0E1645E3F}.Debug|x86.Build.0 = Debug|Win32
		{0E062910-1CC7-40F3-9825-96C0E1645E3F}.Release|x64.ActiveCfg = Release|x64
		{0E062910-1CC7-40F3-9825-96C0E1645E3F}.Release|x64.Build.0 = Release|x64
		{0E062910-1CC7-40F3-9825-96C0E1645E3F}.Release|x86.ActiveCfg = Release|Win32
		{0E062910-1CC7-40F3-9825-96C0E1645E3F}.Release|x86.Build.0 = Release|Win32
	EndGlobalSection
	GlobalSection(SolutionProperties) = preSolution
		HideSolutionNode = FALSE
	EndGlobalSection
	GlobalSection(ExtensibilityGlobals) = postSolution
		SolutionGuid = {58FEA020-C26E-459F-868E-AB42B04ED0C0}
	EndGlobalSection
EndGlobal
