<?xml version="1.0" encoding="utf-8"?>
<Project ToolsVersion="4.0" xmlns="http://schemas.microsoft.com/developer/msbuild/2003">
  <ItemGroup>
    <Filter Include="include">
      <UniqueIdentifier>{93995380-89BD-4b04-88EB-625FBE52EBFB}</UniqueIdentifier>
      <Extensions>h;hh;hpp;hxx;h++;hm;inl;inc;ipp;xsd</Extensions>
    </Filter>
    <Filter Include="src">
      <UniqueIdentifier>{4FC737F1-C7A5-4376-A066-2A32D752A2FF}</UniqueIdentifier>
      <Extensions>cpp;c;cc;cxx;c++;cppm;ixx;def;odl;idl;hpj;bat;asm;asmx</Extensions>
    </Filter>
  </ItemGroup>
  <ItemGroup>
    <ClInclude Include="..\..\3rd\spd\include\spdlog\async.h">
      <Filter>include</Filter>
    </ClInclude>
    <ClInclude Include="..\..\3rd\spd\include\spdlog\async_logger-inl.h">
      <Filter>include</Filter>
    </ClInclude>
    <ClInclude Include="..\..\3rd\spd\include\spdlog\async_logger.h">
      <Filter>include</Filter>
    </ClInclude>
    <ClInclude Include="..\..\3rd\spd\include\spdlog\cfg\argv.h">
      <Filter>include</Filter>
    </ClInclude>
    <ClInclude Include="..\..\3rd\spd\include\spdlog\cfg\env.h">
      <Filter>include</Filter>
    </ClInclude>
    <ClInclude Include="..\..\3rd\spd\include\spdlog\cfg\helpers-inl.h">
      <Filter>include</Filter>
    </ClInclude>
    <ClInclude Include="..\..\3rd\spd\include\spdlog\cfg\helpers.h">
      <Filter>include</Filter>
    </ClInclude>
    <ClInclude Include="..\..\3rd\spd\include\spdlog\common-inl.h">
      <Filter>include</Filter>
    </ClInclude>
    <ClInclude Include="..\..\3rd\spd\include\spdlog\common.h">
      <Filter>include</Filter>
    </ClInclude>
    <ClInclude Include="..\..\3rd\spd\include\spdlog\details\backtracer-inl.h">
      <Filter>include</Filter>
    </ClInclude>
    <ClInclude Include="..\..\3rd\spd\include\spdlog\details\backtracer.h">
      <Filter>include</Filter>
    </ClInclude>
    <ClInclude Include="..\..\3rd\spd\include\spdlog\details\circular_q.h">
      <Filter>include</Filter>
    </ClInclude>
    <ClInclude Include="..\..\3rd\spd\include\spdlog\details\console_globals.h">
      <Filter>include</Filter>
    </ClInclude>
    <ClInclude Include="..\..\3rd\spd\include\spdlog\details\file_helper-inl.h">
      <Filter>include</Filter>
    </ClInclude>
    <ClInclude Include="..\..\3rd\spd\include\spdlog\details\file_helper.h">
      <Filter>include</Filter>
    </ClInclude>
    <ClInclude Include="..\..\3rd\spd\include\spdlog\details\fmt_helper.h">
      <Filter>include</Filter>
    </ClInclude>
    <ClInclude Include="..\..\3rd\spd\include\spdlog\details\log_msg-inl.h">
      <Filter>include</Filter>
    </ClInclude>
    <ClInclude Include="..\..\3rd\spd\include\spdlog\details\log_msg.h">
      <Filter>include</Filter>
    </ClInclude>
    <ClInclude Include="..\..\3rd\spd\include\spdlog\details\log_msg_buffer-inl.h">
      <Filter>include</Filter>
    </ClInclude>
    <ClInclude Include="..\..\3rd\spd\include\spdlog\details\log_msg_buffer.h">
      <Filter>include</Filter>
    </ClInclude>
    <ClInclude Include="..\..\3rd\spd\include\spdlog\details\mpmc_blocking_q.h">
      <Filter>include</Filter>
    </ClInclude>
    <ClInclude Include="..\..\3rd\spd\include\spdlog\details\null_mutex.h">
      <Filter>include</Filter>
    </ClInclude>
    <ClInclude Include="..\..\3rd\spd\include\spdlog\details\os-inl.h">
      <Filter>include</Filter>
    </ClInclude>
    <ClInclude Include="..\..\3rd\spd\include\spdlog\details\os.h">
      <Filter>include</Filter>
    </ClInclude>
    <ClInclude Include="..\..\3rd\spd\include\spdlog\details\periodic_worker-inl.h">
      <Filter>include</Filter>
    </ClInclude>
    <ClInclude Include="..\..\3rd\spd\include\spdlog\details\periodic_worker.h">
      <Filter>include</Filter>
    </ClInclude>
    <ClInclude Include="..\..\3rd\spd\include\spdlog\details\registry-inl.h">
      <Filter>include</Filter>
    </ClInclude>
    <ClInclude Include="..\..\3rd\spd\include\spdlog\details\registry.h">
      <Filter>include</Filter>
    </ClInclude>
    <ClInclude Include="..\..\3rd\spd\include\spdlog\details\synchronous_factory.h">
      <Filter>include</Filter>
    </ClInclude>
    <ClInclude Include="..\..\3rd\spd\include\spdlog\details\tcp_client-windows.h">
      <Filter>include</Filter>
    </ClInclude>
    <ClInclude Include="..\..\3rd\spd\include\spdlog\details\tcp_client.h">
      <Filter>include</Filter>
    </ClInclude>
    <ClInclude Include="..\..\3rd\spd\include\spdlog\details\thread_pool-inl.h">
      <Filter>include</Filter>
    </ClInclude>
    <ClInclude Include="..\..\3rd\spd\include\spdlog\details\thread_pool.h">
      <Filter>include</Filter>
    </ClInclude>
    <ClInclude Include="..\..\3rd\spd\include\spdlog\details\windows_include.h">
      <Filter>include</Filter>
    </ClInclude>
    <ClInclude Include="..\..\3rd\spd\include\spdlog\everest_spdlog.h">
      <Filter>include</Filter>
    </ClInclude>
    <ClInclude Include="..\..\3rd\spd\include\spdlog\fmt\bin_to_hex.h">
      <Filter>include</Filter>
    </ClInclude>
    <ClInclude Include="..\..\3rd\spd\include\spdlog\fmt\bundled\chrono.h">
      <Filter>include</Filter>
    </ClInclude>
    <ClInclude Include="..\..\3rd\spd\include\spdlog\fmt\bundled\color.h">
      <Filter>include</Filter>
    </ClInclude>
    <ClInclude Include="..\..\3rd\spd\include\spdlog\fmt\bundled\compile.h">
      <Filter>include</Filter>
    </ClInclude>
    <ClInclude Include="..\..\3rd\spd\include\spdlog\fmt\bundled\core.h">
      <Filter>include</Filter>
    </ClInclude>
    <ClInclude Include="..\..\3rd\spd\include\spdlog\fmt\bundled\format-inl.h">
      <Filter>include</Filter>
    </ClInclude>
    <ClInclude Include="..\..\3rd\spd\include\spdlog\fmt\bundled\format.h">
      <Filter>include</Filter>
    </ClInclude>
    <ClInclude Include="..\..\3rd\spd\include\spdlog\fmt\bundled\locale.h">
      <Filter>include</Filter>
    </ClInclude>
    <ClInclude Include="..\..\3rd\spd\include\spdlog\fmt\bundled\os.h">
      <Filter>include</Filter>
    </ClInclude>
    <ClInclude Include="..\..\3rd\spd\include\spdlog\fmt\bundled\ostream.h">
      <Filter>include</Filter>
    </ClInclude>
    <ClInclude Include="..\..\3rd\spd\include\spdlog\fmt\bundled\posix.h">
      <Filter>include</Filter>
    </ClInclude>
    <ClInclude Include="..\..\3rd\spd\include\spdlog\fmt\bundled\printf.h">
      <Filter>include</Filter>
    </ClInclude>
    <ClInclude Include="..\..\3rd\spd\include\spdlog\fmt\bundled\ranges.h">
      <Filter>include</Filter>
    </ClInclude>
    <ClInclude Include="..\..\3rd\spd\include\spdlog\fmt\chrono.h">
      <Filter>include</Filter>
    </ClInclude>
    <ClInclude Include="..\..\3rd\spd\include\spdlog\fmt\fmt.h">
      <Filter>include</Filter>
    </ClInclude>
    <ClInclude Include="..\..\3rd\spd\include\spdlog\fmt\ostr.h">
      <Filter>include</Filter>
    </ClInclude>
    <ClInclude Include="..\..\3rd\spd\include\spdlog\formatter.h">
      <Filter>include</Filter>
    </ClInclude>
    <ClInclude Include="..\..\3rd\spd\include\spdlog\fwd.h">
      <Filter>include</Filter>
    </ClInclude>
    <ClInclude Include="..\..\3rd\spd\include\spdlog\logger-inl.h">
      <Filter>include</Filter>
    </ClInclude>
    <ClInclude Include="..\..\3rd\spd\include\spdlog\logger.h">
      <Filter>include</Filter>
    </ClInclude>
    <ClInclude Include="..\..\3rd\spd\include\spdlog\logger_create_info.h">
      <Filter>include</Filter>
    </ClInclude>
    <ClInclude Include="..\..\3rd\spd\include\spdlog\pattern_formatter-inl.h">
      <Filter>include</Filter>
    </ClInclude>
    <ClInclude Include="..\..\3rd\spd\include\spdlog\pattern_formatter.h">
      <Filter>include</Filter>
    </ClInclude>
    <ClInclude Include="..\..\3rd\spd\include\spdlog\sinks\android_sink.h">
      <Filter>include</Filter>
    </ClInclude>
    <ClInclude Include="..\..\3rd\spd\include\spdlog\sinks\ansicolor_sink-inl.h">
      <Filter>include</Filter>
    </ClInclude>
    <ClInclude Include="..\..\3rd\spd\include\spdlog\sinks\ansicolor_sink.h">
      <Filter>include</Filter>
    </ClInclude>
    <ClInclude Include="..\..\3rd\spd\include\spdlog\sinks\base_sink-inl.h">
      <Filter>include</Filter>
    </ClInclude>
    <ClInclude Include="..\..\3rd\spd\include\spdlog\sinks\base_sink.h">
      <Filter>include</Filter>
    </ClInclude>
    <ClInclude Include="..\..\3rd\spd\include\spdlog\sinks\basic_file_sink-inl.h">
      <Filter>include</Filter>
    </ClInclude>
    <ClInclude Include="..\..\3rd\spd\include\spdlog\sinks\basic_file_sink.h">
      <Filter>include</Filter>
    </ClInclude>
    <ClInclude Include="..\..\3rd\spd\include\spdlog\sinks\daily_file_sink.h">
      <Filter>include</Filter>
    </ClInclude>
    <ClInclude Include="..\..\3rd\spd\include\spdlog\sinks\daily_rotating_file_sink-inl.h">
      <Filter>include</Filter>
    </ClInclude>
    <ClInclude Include="..\..\3rd\spd\include\spdlog\sinks\daily_rotating_file_sink.h">
      <Filter>include</Filter>
    </ClInclude>
    <ClInclude Include="..\..\3rd\spd\include\spdlog\sinks\dist_sink.h">
      <Filter>include</Filter>
    </ClInclude>
    <ClInclude Include="..\..\3rd\spd\include\spdlog\sinks\dup_filter_sink.h">
      <Filter>include</Filter>
    </ClInclude>
    <ClInclude Include="..\..\3rd\spd\include\spdlog\sinks\hourly_file_sink.h">
      <Filter>include</Filter>
    </ClInclude>
    <ClInclude Include="..\..\3rd\spd\include\spdlog\sinks\msvc_sink.h">
      <Filter>include</Filter>
    </ClInclude>
    <ClInclude Include="..\..\3rd\spd\include\spdlog\sinks\null_sink.h">
      <Filter>include</Filter>
    </ClInclude>
    <ClInclude Include="..\..\3rd\spd\include\spdlog\sinks\ostream_sink.h">
      <Filter>include</Filter>
    </ClInclude>
    <ClInclude Include="..\..\3rd\spd\include\spdlog\sinks\ringbuffer_sink.h">
      <Filter>include</Filter>
    </ClInclude>
    <ClInclude Include="..\..\3rd\spd\include\spdlog\sinks\rotating_file_sink-inl.h">
      <Filter>include</Filter>
    </ClInclude>
    <ClInclude Include="..\..\3rd\spd\include\spdlog\sinks\rotating_file_sink.h">
      <Filter>include</Filter>
    </ClInclude>
    <ClInclude Include="..\..\3rd\spd\include\spdlog\sinks\sink-inl.h">
      <Filter>include</Filter>
    </ClInclude>
    <ClInclude Include="..\..\3rd\spd\include\spdlog\sinks\sink.h">
      <Filter>include</Filter>
    </ClInclude>
    <ClInclude Include="..\..\3rd\spd\include\spdlog\sinks\stdout_color_sinks-inl.h">
      <Filter>include</Filter>
    </ClInclude>
    <ClInclude Include="..\..\3rd\spd\include\spdlog\sinks\stdout_color_sinks.h">
      <Filter>include</Filter>
    </ClInclude>
    <ClInclude Include="..\..\3rd\spd\include\spdlog\sinks\stdout_sinks-inl.h">
      <Filter>include</Filter>
    </ClInclude>
    <ClInclude Include="..\..\3rd\spd\include\spdlog\sinks\stdout_sinks.h">
      <Filter>include</Filter>
    </ClInclude>
    <ClInclude Include="..\..\3rd\spd\include\spdlog\sinks\syslog_sink.h">
      <Filter>include</Filter>
    </ClInclude>
    <ClInclude Include="..\..\3rd\spd\include\spdlog\sinks\systemd_sink.h">
      <Filter>include</Filter>
    </ClInclude>
    <ClInclude Include="..\..\3rd\spd\include\spdlog\sinks\tcp_sink.h">
      <Filter>include</Filter>
    </ClInclude>
    <ClInclude Include="..\..\3rd\spd\include\spdlog\sinks\wincolor_sink-inl.h">
      <Filter>include</Filter>
    </ClInclude>
    <ClInclude Include="..\..\3rd\spd\include\spdlog\sinks\wincolor_sink.h">
      <Filter>include</Filter>
    </ClInclude>
    <ClInclude Include="..\..\3rd\spd\include\spdlog\sinks\win_eventlog_sink.h">
      <Filter>include</Filter>
    </ClInclude>
    <ClInclude Include="..\..\3rd\spd\include\spdlog\spdlog-inl.h">
      <Filter>include</Filter>
    </ClInclude>
    <ClInclude Include="..\..\3rd\spd\include\spdlog\spdlog.h">
      <Filter>include</Filter>
    </ClInclude>
    <ClInclude Include="..\..\3rd\spd\include\spdlog\stopwatch.h">
      <Filter>include</Filter>
    </ClInclude>
    <ClInclude Include="..\..\3rd\spd\include\spdlog\tweakme.h">
      <Filter>include</Filter>
    </ClInclude>
    <ClInclude Include="..\..\3rd\spd\include\spdlog\version.h">
      <Filter>include</Filter>
    </ClInclude>
  </ItemGroup>
  <ItemGroup>
    <ClCompile Include="..\..\3rd\spd\src\async.cpp">
      <Filter>src</Filter>
    </ClCompile>
    <ClCompile Include="..\..\3rd\spd\src\cfg.cpp">
      <Filter>src</Filter>
    </ClCompile>
    <ClCompile Include="..\..\3rd\spd\src\color_sinks.cpp">
      <Filter>src</Filter>
    </ClCompile>
    <ClCompile Include="..\..\3rd\spd\src\file_sinks.cpp">
      <Filter>src</Filter>
    </ClCompile>
    <ClCompile Include="..\..\3rd\spd\src\fmt.cpp">
      <Filter>src</Filter>
    </ClCompile>
    <ClCompile Include="..\..\3rd\spd\src\spdlog.cpp">
      <Filter>src</Filter>
    </ClCompile>
    <ClCompile Include="..\..\3rd\spd\src\stdout_sinks.cpp">
      <Filter>src</Filter>
    </ClCompile>
  </ItemGroup>
</Project>