
Microsoft Visual Studio Solution File, Format Version 12.00
# Visual Studio Version 16
VisualStudioVersion = 16.0.32228.343
MinimumVisualStudioVersion = 10.0.40219.1
Project("{8BC9CEB8-8B4A-11D0-8D11-00A0C91BC942}") = "test_strand", "test_strand.vcxproj", "{F7880EC6-CCA5-428D-8F77-0BAC75F9D79A}"
EndProject
Project("{8BC9CEB8-8B4A-11D0-8D11-00A0C91BC942}") = "everest", "..\..\windows_sln\erverest.vcxproj", "{2DADF85A-66BA-40D7-B06A-65736E0EC2F2}"
EndProject
Global
	GlobalSection(SolutionConfigurationPlatforms) = preSolution
		Debug|x64 = Debug|x64
		Debug|x86 = Debug|x86
		Release|x64 = Release|x64
		Release|x86 = Release|x86
	EndGlobalSection
	GlobalSection(ProjectConfigurationPlatforms) = postSolution
		{F7880EC6-CCA5-428D-8F77-0BAC75F9D79A}.Debug|x64.ActiveCfg = Debug|x64
		{F7880EC6-CCA5-428D-8F77-0BAC75F9D79A}.Debug|x64.Build.0 = Debug|x64
		{F7880EC6-CCA5-428D-8F77-0BAC75F9D79A}.Debug|x86.ActiveCfg = Debug|Win32
		{F7880EC6-CCA5-428D-8F77-0BAC75F9D79A}.Debug|x86.Build.0 = Debug|Win32
		{F7880EC6-CCA5-428D-8F77-0BAC75F9D79A}.Release|x64.ActiveCfg = Release|x64
		{F7880EC6-CCA5-428D-8F77-0BAC75F9D79A}.Release|x64.Build.0 = Release|x64
		{F7880EC6-CCA5-428D-8F77-0BAC75F9D79A}.Release|x86.ActiveCfg = Release|Win32
		{F7880EC6-CCA5-428D-8F77-0BAC75F9D79A}.Release|x86.Build.0 = Release|Win32
		{2DADF85A-66BA-40D7-B06A-65736E0EC2F2}.Debug|x64.ActiveCfg = Debug|x64
		{2DADF85A-66BA-40D7-B06A-65736E0EC2F2}.Debug|x64.Build.0 = Debug|x64
		{2DADF85A-66BA-40D7-B06A-65736E0EC2F2}.Debug|x86.ActiveCfg = Debug|Win32
		{2DADF85A-66BA-40D7-B06A-65736E0EC2F2}.Debug|x86.Build.0 = Debug|Win32
		{2DADF85A-66BA-40D7-B06A-65736E0EC2F2}.Release|x64.ActiveCfg = Release|x64
		{2DADF85A-66BA-40D7-B06A-65736E0EC2F2}.Release|x64.Build.0 = Release|x64
		{2DADF85A-66BA-40D7-B06A-65736E0EC2F2}.Release|x86.ActiveCfg = Release|Win32
		{2DADF85A-66BA-40D7-B06A-65736E0EC2F2}.Release|x86.Build.0 = Release|Win32
	EndGlobalSection
	GlobalSection(SolutionProperties) = preSolution
		HideSolutionNode = FALSE
	EndGlobalSection
	GlobalSection(ExtensibilityGlobals) = postSolution
		SolutionGuid = {7908121F-3654-47B8-8C00-E754DF15C666}
	EndGlobalSection
EndGlobal
