
Microsoft Visual Studio Solution File, Format Version 12.00
# Visual Studio Version 16
VisualStudioVersion = 16.0.30225.117
MinimumVisualStudioVersion = 10.0.40219.1
Project("{8BC9CEB8-8B4A-11D0-8D11-00A0C91BC942}") = "date", "date.vcxproj", "{8170F03D-781B-44A9-891C-548DB893A571}"
EndProject
Project("{8BC9CEB8-8B4A-11D0-8D11-00A0C91BC942}") = "everest", "..\..\windows_sln\erverest.vcxproj", "{2DADF85A-66BA-40D7-B06A-65736E0EC2F2}"
EndProject
Project("{8BC9CEB8-8B4A-11D0-8D11-00A0C91BC942}") = "fmt", "..\..\windows_sln\fmt\fmt.vcxproj", "{E16729B0-A7E3-415A-88D5-79B5A6819FD1}"
EndProject
Project("{8BC9CEB8-8B4A-11D0-8D11-00A0C91BC942}") = "spd", "..\..\windows_sln\spd\spd.vcxproj", "{899D4EB7-F7FA-47E6-A4F3-CF36AAE24F18}"
EndProject
Global
	GlobalSection(SolutionConfigurationPlatforms) = preSolution
		Debug|x64 = Debug|x64
		Debug|x86 = Debug|x86
		Release|x64 = Release|x64
		Release|x86 = Release|x86
	EndGlobalSection
	GlobalSection(ProjectConfigurationPlatforms) = postSolution
		{8170F03D-781B-44A9-891C-548DB893A571}.Debug|x64.ActiveCfg = Debug|x64
		{8170F03D-781B-44A9-891C-548DB893A571}.Debug|x64.Build.0 = Debug|x64
		{8170F03D-781B-44A9-891C-548DB893A571}.Debug|x86.ActiveCfg = Debug|Win32
		{8170F03D-781B-44A9-891C-548DB893A571}.Debug|x86.Build.0 = Debug|Win32
		{8170F03D-781B-44A9-891C-548DB893A571}.Release|x64.ActiveCfg = Release|x64
		{8170F03D-781B-44A9-891C-548DB893A571}.Release|x64.Build.0 = Release|x64
		{8170F03D-781B-44A9-891C-548DB893A571}.Release|x86.ActiveCfg = Release|Win32
		{8170F03D-781B-44A9-891C-548DB893A571}.Release|x86.Build.0 = Release|Win32
		{2DADF85A-66BA-40D7-B06A-65736E0EC2F2}.Debug|x64.ActiveCfg = Debug|x64
		{2DADF85A-66BA-40D7-B06A-65736E0EC2F2}.Debug|x64.Build.0 = Debug|x64
		{2DADF85A-66BA-40D7-B06A-65736E0EC2F2}.Debug|x86.ActiveCfg = Debug|Win32
		{2DADF85A-66BA-40D7-B06A-65736E0EC2F2}.Debug|x86.Build.0 = Debug|Win32
		{2DADF85A-66BA-40D7-B06A-65736E0EC2F2}.Release|x64.ActiveCfg = Release|x64
		{2DADF85A-66BA-40D7-B06A-65736E0EC2F2}.Release|x64.Build.0 = Release|x64
		{2DADF85A-66BA-40D7-B06A-65736E0EC2F2}.Release|x86.ActiveCfg = Release|Win32
		{2DADF85A-66BA-40D7-B06A-65736E0EC2F2}.Release|x86.Build.0 = Release|Win32
		{E16729B0-A7E3-415A-88D5-79B5A6819FD1}.Debug|x64.ActiveCfg = Debug|x64
		{E16729B0-A7E3-415A-88D5-79B5A6819FD1}.Debug|x64.Build.0 = Debug|x64
		{E16729B0-A7E3-415A-88D5-79B5A6819FD1}.Debug|x86.ActiveCfg = Debug|Win32
		{E16729B0-A7E3-415A-88D5-79B5A6819FD1}.Debug|x86.Build.0 = Debug|Win32
		{E16729B0-A7E3-415A-88D5-79B5A6819FD1}.Release|x64.ActiveCfg = Release|x64
		{E16729B0-A7E3-415A-88D5-79B5A6819FD1}.Release|x64.Build.0 = Release|x64
		{E16729B0-A7E3-415A-88D5-79B5A6819FD1}.Release|x86.ActiveCfg = Release|Win32
		{E16729B0-A7E3-415A-88D5-79B5A6819FD1}.Release|x86.Build.0 = Release|Win32
		{899D4EB7-F7FA-47E6-A4F3-CF36AAE24F18}.Debug|x64.ActiveCfg = Debug|x64
		{899D4EB7-F7FA-47E6-A4F3-CF36AAE24F18}.Debug|x64.Build.0 = Debug|x64
		{899D4EB7-F7FA-47E6-A4F3-CF36AAE24F18}.Debug|x86.ActiveCfg = Debug|Win32
		{899D4EB7-F7FA-47E6-A4F3-CF36AAE24F18}.Debug|x86.Build.0 = Debug|Win32
		{899D4EB7-F7FA-47E6-A4F3-CF36AAE24F18}.Release|x64.ActiveCfg = Release|x64
		{899D4EB7-F7FA-47E6-A4F3-CF36AAE24F18}.Release|x64.Build.0 = Release|x64
		{899D4EB7-F7FA-47E6-A4F3-CF36AAE24F18}.Release|x86.ActiveCfg = Release|Win32
		{899D4EB7-F7FA-47E6-A4F3-CF36AAE24F18}.Release|x86.Build.0 = Release|Win32
	EndGlobalSection
	GlobalSection(SolutionProperties) = preSolution
		HideSolutionNode = FALSE
	EndGlobalSection
	GlobalSection(ExtensibilityGlobals) = postSolution
		SolutionGuid = {7550BECE-B84E-4870-BA84-266FC4CE8AA4}
	EndGlobalSection
EndGlobal
